
Microsoft Visual Studio Solution File, Format Version 12.00
# Visual Studio Version 17
VisualStudioVersion = 17.5.33530.505
MinimumVisualStudioVersion = 10.0.40219.1
Project("{FAE04EC0-301F-11D3-BF4B-00C04F79EFBC}") = "ConsoleApp1", "ConsoleApp1\ConsoleApp1.csproj", "{8C33E5AE-D8B2-4C27-968D-5E4808ACCE58}"
EndProject
Global
	GlobalSection(SolutionConfigurationPlatforms) = preSolution
		Debug|Any CPU = Debug|Any CPU
		Release|Any CPU = Release|Any CPU
	EndGlobalSection
	GlobalSection(ProjectConfigurationPlatforms) = postSolution
		{8C33E5AE-D8B2-4C27-968D-5E4808ACCE58}.Debug|Any CPU.ActiveCfg = Debug|Any CPU
		{8C33E5AE-D8B2-4C27-968D-5E4808ACCE58}.Debug|Any CPU.Build.0 = Debug|Any CPU
		{8C33E5AE-D8B2-4C27-968D-5E4808ACCE58}.Release|Any CPU.ActiveCfg = Release|Any CPU
		{8C33E5AE-D8B2-4C27-968D-5E4808ACCE58}.Release|Any CPU.Build.0 = Release|Any CPU
	EndGlobalSection
	GlobalSection(SolutionProperties) = preSolution
		HideSolutionNode = FALSE
	EndGlobalSection
	GlobalSection(ExtensibilityGlobals) = postSolution
		SolutionGuid = {680EF45C-F90E-498F-9B62-E7BD53971941}
	EndGlobalSection
EndGlobal
